
Microsoft Visual Studio Solution File, Format Version 11.00
# Visual Studio 2010
Project("{FAE04EC0-301F-11D3-BF4B-00C04F79EFBC}") = "体温记录及分析系统", "体温记录及分析系统\体温记录及分析系统.csproj", "{FE73E0F8-B05B-48CE-BAA6-172C387F001E}"
EndProject
Global
	GlobalSection(SubversionScc) = preSolution
		Svn-Managed = True
		Manager = AnkhSVN - Subversion Support for Visual Studio
	EndGlobalSection
	GlobalSection(SolutionConfigurationPlatforms) = preSolution
		Debug|Any CPU = Debug|Any CPU
		Release|Any CPU = Release|Any CPU
	EndGlobalSection
	GlobalSection(ProjectConfigurationPlatforms) = postSolution
		{FE73E0F8-B05B-48CE-BAA6-172C387F001E}.Debug|Any CPU.ActiveCfg = Debug|Any CPU
		{FE73E0F8-B05B-48CE-BAA6-172C387F001E}.Debug|Any CPU.Build.0 = Debug|Any CPU
		{FE73E0F8-B05B-48CE-BAA6-172C387F001E}.Release|Any CPU.ActiveCfg = Release|Any CPU
		{FE73E0F8-B05B-48CE-BAA6-172C387F001E}.Release|Any CPU.Build.0 = Release|Any CPU
	EndGlobalSection
	GlobalSection(SolutionProperties) = preSolution
		HideSolutionNode = FALSE
	EndGlobalSection
EndGlobal
