
Microsoft Visual Studio Solution File, Format Version 12.00
# Visual Studio 2012
Project("{FAE04EC0-301F-11D3-BF4B-00C04F79EFBC}") = "SilverlightDemos", "SilverlightDemos\SilverlightDemos.csproj", "{5F806101-87C4-46B0-AA76-C859BB85515C}"
EndProject
Project("{FAE04EC0-301F-11D3-BF4B-00C04F79EFBC}") = "SilverlightDB", "SilverlightDB\SilverlightDB.csproj", "{D3187C78-C21D-49EB-9EF4-BE05492F07DD}"
EndProject
Global
	GlobalSection(SolutionConfigurationPlatforms) = preSolution
		Debug|Any CPU = Debug|Any CPU
		Release|Any CPU = Release|Any CPU
	EndGlobalSection
	GlobalSection(ProjectConfigurationPlatforms) = postSolution
		{5F806101-87C4-46B0-AA76-C859BB85515C}.Debug|Any CPU.ActiveCfg = Debug|Any CPU
		{5F806101-87C4-46B0-AA76-C859BB85515C}.Debug|Any CPU.Build.0 = Debug|Any CPU
		{5F806101-87C4-46B0-AA76-C859BB85515C}.Release|Any CPU.ActiveCfg = Release|Any CPU
		{5F806101-87C4-46B0-AA76-C859BB85515C}.Release|Any CPU.Build.0 = Release|Any CPU
		{D3187C78-C21D-49EB-9EF4-BE05492F07DD}.Debug|Any CPU.ActiveCfg = Debug|Any CPU
		{D3187C78-C21D-49EB-9EF4-BE05492F07DD}.Debug|Any CPU.Build.0 = Debug|Any CPU
		{D3187C78-C21D-49EB-9EF4-BE05492F07DD}.Release|Any CPU.ActiveCfg = Release|Any CPU
		{D3187C78-C21D-49EB-9EF4-BE05492F07DD}.Release|Any CPU.Build.0 = Release|Any CPU
	EndGlobalSection
	GlobalSection(SolutionProperties) = preSolution
		HideSolutionNode = FALSE
	EndGlobalSection
EndGlobal
