
Microsoft Visual Studio Solution File, Format Version 10.00
# Visual Studio 2008
Project("{FAE04EC0-301F-11D3-BF4B-00C04F79EFBC}") = "Common", "Common\Common.csproj", "{DD034727-68CA-4CC3-A76F-06E5439D79EB}"
EndProject
Project("{FAE04EC0-301F-11D3-BF4B-00C04F79EFBC}") = "AboutSort", "AboutSort\AboutSort.csproj", "{3758E566-7099-4AE3-8FFA-45798935445B}"
EndProject
Project("{FAE04EC0-301F-11D3-BF4B-00C04F79EFBC}") = "AboutArray", "AboutArray\AboutArray.csproj", "{7782055B-BE9D-4D02-8499-CD6902592799}"
EndProject
Project("{FAE04EC0-301F-11D3-BF4B-00C04F79EFBC}") = "AboutOOP", "AboutOOP\AboutOOP.csproj", "{A164D5B2-0DBA-4778-9937-5890D1E9C039}"
EndProject
Project("{FAE04EC0-301F-11D3-BF4B-00C04F79EFBC}") = "AboutString", "AboutString\AboutString.csproj", "{AB1F95D2-2A04-408F-8F59-75A8334D4DB8}"
EndProject
Project("{FAE04EC0-301F-11D3-BF4B-00C04F79EFBC}") = "OnlyTest", "OnlyTest\OnlyTest.csproj", "{FEA7CA8F-DEF8-45F0-A7AC-FB2BA3A1B4AA}"
EndProject
Project("{FAE04EC0-301F-11D3-BF4B-00C04F79EFBC}") = "AboutDelegate", "AboutDelegate\AboutDelegate.csproj", "{B1E35575-49F5-4325-8E71-A9F1D59144AE}"
EndProject
Project("{FAE04EC0-301F-11D3-BF4B-00C04F79EFBC}") = "AboutType", "AboutType\AboutType.csproj", "{C02E0CE9-8D8D-48E4-8ADB-BA3658C81C59}"
EndProject
Project("{FAE04EC0-301F-11D3-BF4B-00C04F79EFBC}") = "AboutIterators", "AboutIterators\AboutIterators.csproj", "{51AFC085-6079-4495-82EB-7ABC92CC2A59}"
EndProject
Project("{FAE04EC0-301F-11D3-BF4B-00C04F79EFBC}") = "AboutLINQ", "AboutLINQ\AboutLINQ.csproj", "{8124101C-8128-4F14-A1D3-F0465BF43D2D}"
EndProject
Project("{FAE04EC0-301F-11D3-BF4B-00C04F79EFBC}") = "AboutThreading", "AboutThreading\AboutThreading.csproj", "{D2C479DE-24A9-465B-B741-33A50D3C4253}"
EndProject
Project("{FAE04EC0-301F-11D3-BF4B-00C04F79EFBC}") = "AboutRegex", "AboutRegex\AboutRegex.csproj", "{8D9DD9CD-35D9-446A-9537-EA22DD1CC1C9}"
EndProject
Project("{FAE04EC0-301F-11D3-BF4B-00C04F79EFBC}") = "Helpers", "Helpers\Helpers.csproj", "{308D7311-76AB-40CA-8A2D-B86B3FEC1F66}"
EndProject
Project("{FAE04EC0-301F-11D3-BF4B-00C04F79EFBC}") = "WinformDemo", "WinformDemo\WinformDemo.csproj", "{40155344-EFC0-4DF0-BAA4-D947AE64DCC6}"
EndProject
Project("{FAE04EC0-301F-11D3-BF4B-00C04F79EFBC}") = "AboutSerializable", "AboutSerializable\AboutSerializable.csproj", "{754AD16B-0E76-48C7-B3AE-8CE3BEC22450}"
EndProject
Project("{FAE04EC0-301F-11D3-BF4B-00C04F79EFBC}") = "AboutEvent", "AboutEvent\AboutEvent.csproj", "{4735C90F-DA00-40C7-8753-5F7437D774F6}"
EndProject
Project("{FAE04EC0-301F-11D3-BF4B-00C04F79EFBC}") = "AboutThreadingConsole", "AboutThreadingConsole\AboutThreadingConsole.csproj", "{D2BA895A-8154-4E4B-B9B3-09808CE92B4C}"
EndProject
Project("{FAE04EC0-301F-11D3-BF4B-00C04F79EFBC}") = "WinformControlsDemo", "WinformControlsDemo\WinformControlsDemo.csproj", "{1332A207-7019-4E56-A86A-43DCBA1C2555}"
EndProject
Project("{FAE04EC0-301F-11D3-BF4B-00C04F79EFBC}") = "AboutReflection", "AboutReflection\AboutReflection.csproj", "{995A9784-295B-4696-A7BC-FD02AEC2FBFC}"
EndProject
Project("{FAE04EC0-301F-11D3-BF4B-00C04F79EFBC}") = "算法", "算法\算法.csproj", "{0B28B5D9-ABCA-47D5-A3A3-47F61FF5834F}"
EndProject
Global
	GlobalSection(SubversionScc) = preSolution
		Svn-Managed = True
		Manager = AnkhSVN - Subversion Support for Visual Studio
	EndGlobalSection
	GlobalSection(SolutionConfigurationPlatforms) = preSolution
		Debug|Any CPU = Debug|Any CPU
		Debug|x86 = Debug|x86
		Default|Any CPU = Default|Any CPU
		Default|x86 = Default|x86
		Release|Any CPU = Release|Any CPU
		Release|x86 = Release|x86
	EndGlobalSection
	GlobalSection(ProjectConfigurationPlatforms) = postSolution
		{DD034727-68CA-4CC3-A76F-06E5439D79EB}.Debug|Any CPU.ActiveCfg = Debug|Any CPU
		{DD034727-68CA-4CC3-A76F-06E5439D79EB}.Debug|Any CPU.Build.0 = Debug|Any CPU
		{DD034727-68CA-4CC3-A76F-06E5439D79EB}.Debug|x86.ActiveCfg = Debug|Any CPU
		{DD034727-68CA-4CC3-A76F-06E5439D79EB}.Default|Any CPU.ActiveCfg = Debug|Any CPU
		{DD034727-68CA-4CC3-A76F-06E5439D79EB}.Default|Any CPU.Build.0 = Debug|Any CPU
		{DD034727-68CA-4CC3-A76F-06E5439D79EB}.Default|x86.ActiveCfg = Debug|Any CPU
		{DD034727-68CA-4CC3-A76F-06E5439D79EB}.Release|Any CPU.ActiveCfg = Release|Any CPU
		{DD034727-68CA-4CC3-A76F-06E5439D79EB}.Release|Any CPU.Build.0 = Release|Any CPU
		{DD034727-68CA-4CC3-A76F-06E5439D79EB}.Release|x86.ActiveCfg = Release|Any CPU
		{3758E566-7099-4AE3-8FFA-45798935445B}.Debug|Any CPU.ActiveCfg = Debug|Any CPU
		{3758E566-7099-4AE3-8FFA-45798935445B}.Debug|Any CPU.Build.0 = Debug|Any CPU
		{3758E566-7099-4AE3-8FFA-45798935445B}.Debug|x86.ActiveCfg = Debug|Any CPU
		{3758E566-7099-4AE3-8FFA-45798935445B}.Default|Any CPU.ActiveCfg = Debug|Any CPU
		{3758E566-7099-4AE3-8FFA-45798935445B}.Default|Any CPU.Build.0 = Debug|Any CPU
		{3758E566-7099-4AE3-8FFA-45798935445B}.Default|x86.ActiveCfg = Debug|Any CPU
		{3758E566-7099-4AE3-8FFA-45798935445B}.Release|Any CPU.ActiveCfg = Release|Any CPU
		{3758E566-7099-4AE3-8FFA-45798935445B}.Release|Any CPU.Build.0 = Release|Any CPU
		{3758E566-7099-4AE3-8FFA-45798935445B}.Release|x86.ActiveCfg = Release|Any CPU
		{7782055B-BE9D-4D02-8499-CD6902592799}.Debug|Any CPU.ActiveCfg = Debug|Any CPU
		{7782055B-BE9D-4D02-8499-CD6902592799}.Debug|Any CPU.Build.0 = Debug|Any CPU
		{7782055B-BE9D-4D02-8499-CD6902592799}.Debug|x86.ActiveCfg = Debug|Any CPU
		{7782055B-BE9D-4D02-8499-CD6902592799}.Default|Any CPU.ActiveCfg = Debug|Any CPU
		{7782055B-BE9D-4D02-8499-CD6902592799}.Default|Any CPU.Build.0 = Debug|Any CPU
		{7782055B-BE9D-4D02-8499-CD6902592799}.Default|x86.ActiveCfg = Debug|Any CPU
		{7782055B-BE9D-4D02-8499-CD6902592799}.Release|Any CPU.ActiveCfg = Release|Any CPU
		{7782055B-BE9D-4D02-8499-CD6902592799}.Release|Any CPU.Build.0 = Release|Any CPU
		{7782055B-BE9D-4D02-8499-CD6902592799}.Release|x86.ActiveCfg = Release|Any CPU
		{A164D5B2-0DBA-4778-9937-5890D1E9C039}.Debug|Any CPU.ActiveCfg = Debug|Any CPU
		{A164D5B2-0DBA-4778-9937-5890D1E9C039}.Debug|Any CPU.Build.0 = Debug|Any CPU
		{A164D5B2-0DBA-4778-9937-5890D1E9C039}.Debug|x86.ActiveCfg = Debug|Any CPU
		{A164D5B2-0DBA-4778-9937-5890D1E9C039}.Default|Any CPU.ActiveCfg = Debug|Any CPU
		{A164D5B2-0DBA-4778-9937-5890D1E9C039}.Default|Any CPU.Build.0 = Debug|Any CPU
		{A164D5B2-0DBA-4778-9937-5890D1E9C039}.Default|x86.ActiveCfg = Debug|Any CPU
		{A164D5B2-0DBA-4778-9937-5890D1E9C039}.Release|Any CPU.ActiveCfg = Release|Any CPU
		{A164D5B2-0DBA-4778-9937-5890D1E9C039}.Release|Any CPU.Build.0 = Release|Any CPU
		{A164D5B2-0DBA-4778-9937-5890D1E9C039}.Release|x86.ActiveCfg = Release|Any CPU
		{AB1F95D2-2A04-408F-8F59-75A8334D4DB8}.Debug|Any CPU.ActiveCfg = Debug|Any CPU
		{AB1F95D2-2A04-408F-8F59-75A8334D4DB8}.Debug|Any CPU.Build.0 = Debug|Any CPU
		{AB1F95D2-2A04-408F-8F59-75A8334D4DB8}.Debug|x86.ActiveCfg = Debug|Any CPU
		{AB1F95D2-2A04-408F-8F59-75A8334D4DB8}.Default|Any CPU.ActiveCfg = Debug|Any CPU
		{AB1F95D2-2A04-408F-8F59-75A8334D4DB8}.Default|Any CPU.Build.0 = Debug|Any CPU
		{AB1F95D2-2A04-408F-8F59-75A8334D4DB8}.Default|x86.ActiveCfg = Debug|Any CPU
		{AB1F95D2-2A04-408F-8F59-75A8334D4DB8}.Release|Any CPU.ActiveCfg = Release|Any CPU
		{AB1F95D2-2A04-408F-8F59-75A8334D4DB8}.Release|Any CPU.Build.0 = Release|Any CPU
		{AB1F95D2-2A04-408F-8F59-75A8334D4DB8}.Release|x86.ActiveCfg = Release|Any CPU
		{FEA7CA8F-DEF8-45F0-A7AC-FB2BA3A1B4AA}.Debug|Any CPU.ActiveCfg = Debug|Any CPU
		{FEA7CA8F-DEF8-45F0-A7AC-FB2BA3A1B4AA}.Debug|Any CPU.Build.0 = Debug|Any CPU
		{FEA7CA8F-DEF8-45F0-A7AC-FB2BA3A1B4AA}.Debug|x86.ActiveCfg = Debug|Any CPU
		{FEA7CA8F-DEF8-45F0-A7AC-FB2BA3A1B4AA}.Default|Any CPU.ActiveCfg = Debug|Any CPU
		{FEA7CA8F-DEF8-45F0-A7AC-FB2BA3A1B4AA}.Default|Any CPU.Build.0 = Debug|Any CPU
		{FEA7CA8F-DEF8-45F0-A7AC-FB2BA3A1B4AA}.Default|x86.ActiveCfg = Debug|Any CPU
		{FEA7CA8F-DEF8-45F0-A7AC-FB2BA3A1B4AA}.Release|Any CPU.ActiveCfg = Release|Any CPU
		{FEA7CA8F-DEF8-45F0-A7AC-FB2BA3A1B4AA}.Release|Any CPU.Build.0 = Release|Any CPU
		{FEA7CA8F-DEF8-45F0-A7AC-FB2BA3A1B4AA}.Release|x86.ActiveCfg = Release|Any CPU
		{B1E35575-49F5-4325-8E71-A9F1D59144AE}.Debug|Any CPU.ActiveCfg = Debug|Any CPU
		{B1E35575-49F5-4325-8E71-A9F1D59144AE}.Debug|Any CPU.Build.0 = Debug|Any CPU
		{B1E35575-49F5-4325-8E71-A9F1D59144AE}.Debug|x86.ActiveCfg = Debug|Any CPU
		{B1E35575-49F5-4325-8E71-A9F1D59144AE}.Default|Any CPU.ActiveCfg = Debug|Any CPU
		{B1E35575-49F5-4325-8E71-A9F1D59144AE}.Default|Any CPU.Build.0 = Debug|Any CPU
		{B1E35575-49F5-4325-8E71-A9F1D59144AE}.Default|x86.ActiveCfg = Debug|Any CPU
		{B1E35575-49F5-4325-8E71-A9F1D59144AE}.Release|Any CPU.ActiveCfg = Release|Any CPU
		{B1E35575-49F5-4325-8E71-A9F1D59144AE}.Release|Any CPU.Build.0 = Release|Any CPU
		{B1E35575-49F5-4325-8E71-A9F1D59144AE}.Release|x86.ActiveCfg = Release|Any CPU
		{C02E0CE9-8D8D-48E4-8ADB-BA3658C81C59}.Debug|Any CPU.ActiveCfg = Debug|Any CPU
		{C02E0CE9-8D8D-48E4-8ADB-BA3658C81C59}.Debug|Any CPU.Build.0 = Debug|Any CPU
		{C02E0CE9-8D8D-48E4-8ADB-BA3658C81C59}.Debug|x86.ActiveCfg = Debug|Any CPU
		{C02E0CE9-8D8D-48E4-8ADB-BA3658C81C59}.Default|Any CPU.ActiveCfg = Debug|Any CPU
		{C02E0CE9-8D8D-48E4-8ADB-BA3658C81C59}.Default|Any CPU.Build.0 = Debug|Any CPU
		{C02E0CE9-8D8D-48E4-8ADB-BA3658C81C59}.Default|x86.ActiveCfg = Debug|Any CPU
		{C02E0CE9-8D8D-48E4-8ADB-BA3658C81C59}.Release|Any CPU.ActiveCfg = Release|Any CPU
		{C02E0CE9-8D8D-48E4-8ADB-BA3658C81C59}.Release|Any CPU.Build.0 = Release|Any CPU
		{C02E0CE9-8D8D-48E4-8ADB-BA3658C81C59}.Release|x86.ActiveCfg = Release|Any CPU
		{51AFC085-6079-4495-82EB-7ABC92CC2A59}.Debug|Any CPU.ActiveCfg = Debug|Any CPU
		{51AFC085-6079-4495-82EB-7ABC92CC2A59}.Debug|Any CPU.Build.0 = Debug|Any CPU
		{51AFC085-6079-4495-82EB-7ABC92CC2A59}.Debug|x86.ActiveCfg = Debug|Any CPU
		{51AFC085-6079-4495-82EB-7ABC92CC2A59}.Default|Any CPU.ActiveCfg = Debug|Any CPU
		{51AFC085-6079-4495-82EB-7ABC92CC2A59}.Default|Any CPU.Build.0 = Debug|Any CPU
		{51AFC085-6079-4495-82EB-7ABC92CC2A59}.Default|x86.ActiveCfg = Debug|Any CPU
		{51AFC085-6079-4495-82EB-7ABC92CC2A59}.Release|Any CPU.ActiveCfg = Release|Any CPU
		{51AFC085-6079-4495-82EB-7ABC92CC2A59}.Release|x86.ActiveCfg = Release|Any CPU
		{8124101C-8128-4F14-A1D3-F0465BF43D2D}.Debug|Any CPU.ActiveCfg = Debug|Any CPU
		{8124101C-8128-4F14-A1D3-F0465BF43D2D}.Debug|Any CPU.Build.0 = Debug|Any CPU
		{8124101C-8128-4F14-A1D3-F0465BF43D2D}.Debug|x86.ActiveCfg = Debug|Any CPU
		{8124101C-8128-4F14-A1D3-F0465BF43D2D}.Default|Any CPU.ActiveCfg = Debug|Any CPU
		{8124101C-8128-4F14-A1D3-F0465BF43D2D}.Default|Any CPU.Build.0 = Debug|Any CPU
		{8124101C-8128-4F14-A1D3-F0465BF43D2D}.Default|x86.ActiveCfg = Debug|Any CPU
		{8124101C-8128-4F14-A1D3-F0465BF43D2D}.Release|Any CPU.ActiveCfg = Release|Any CPU
		{8124101C-8128-4F14-A1D3-F0465BF43D2D}.Release|x86.ActiveCfg = Release|Any CPU
		{D2C479DE-24A9-465B-B741-33A50D3C4253}.Debug|Any CPU.ActiveCfg = Debug|Any CPU
		{D2C479DE-24A9-465B-B741-33A50D3C4253}.Debug|Any CPU.Build.0 = Debug|Any CPU
		{D2C479DE-24A9-465B-B741-33A50D3C4253}.Debug|x86.ActiveCfg = Debug|Any CPU
		{D2C479DE-24A9-465B-B741-33A50D3C4253}.Default|Any CPU.ActiveCfg = Debug|Any CPU
		{D2C479DE-24A9-465B-B741-33A50D3C4253}.Default|Any CPU.Build.0 = Debug|Any CPU
		{D2C479DE-24A9-465B-B741-33A50D3C4253}.Default|x86.ActiveCfg = Debug|Any CPU
		{D2C479DE-24A9-465B-B741-33A50D3C4253}.Release|Any CPU.ActiveCfg = Release|Any CPU
		{D2C479DE-24A9-465B-B741-33A50D3C4253}.Release|Any CPU.Build.0 = Release|Any CPU
		{D2C479DE-24A9-465B-B741-33A50D3C4253}.Release|x86.ActiveCfg = Release|Any CPU
		{8D9DD9CD-35D9-446A-9537-EA22DD1CC1C9}.Debug|Any CPU.ActiveCfg = Debug|Any CPU
		{8D9DD9CD-35D9-446A-9537-EA22DD1CC1C9}.Debug|Any CPU.Build.0 = Debug|Any CPU
		{8D9DD9CD-35D9-446A-9537-EA22DD1CC1C9}.Debug|x86.ActiveCfg = Debug|Any CPU
		{8D9DD9CD-35D9-446A-9537-EA22DD1CC1C9}.Default|Any CPU.ActiveCfg = Debug|Any CPU
		{8D9DD9CD-35D9-446A-9537-EA22DD1CC1C9}.Default|Any CPU.Build.0 = Debug|Any CPU
		{8D9DD9CD-35D9-446A-9537-EA22DD1CC1C9}.Default|x86.ActiveCfg = Debug|Any CPU
		{8D9DD9CD-35D9-446A-9537-EA22DD1CC1C9}.Release|Any CPU.ActiveCfg = Release|Any CPU
		{8D9DD9CD-35D9-446A-9537-EA22DD1CC1C9}.Release|Any CPU.Build.0 = Release|Any CPU
		{8D9DD9CD-35D9-446A-9537-EA22DD1CC1C9}.Release|x86.ActiveCfg = Release|Any CPU
		{308D7311-76AB-40CA-8A2D-B86B3FEC1F66}.Debug|Any CPU.ActiveCfg = Debug|Any CPU
		{308D7311-76AB-40CA-8A2D-B86B3FEC1F66}.Debug|Any CPU.Build.0 = Debug|Any CPU
		{308D7311-76AB-40CA-8A2D-B86B3FEC1F66}.Debug|x86.ActiveCfg = Debug|Any CPU
		{308D7311-76AB-40CA-8A2D-B86B3FEC1F66}.Default|Any CPU.ActiveCfg = Debug|Any CPU
		{308D7311-76AB-40CA-8A2D-B86B3FEC1F66}.Default|Any CPU.Build.0 = Debug|Any CPU
		{308D7311-76AB-40CA-8A2D-B86B3FEC1F66}.Default|x86.ActiveCfg = Debug|Any CPU
		{308D7311-76AB-40CA-8A2D-B86B3FEC1F66}.Release|Any CPU.ActiveCfg = Release|Any CPU
		{308D7311-76AB-40CA-8A2D-B86B3FEC1F66}.Release|Any CPU.Build.0 = Release|Any CPU
		{308D7311-76AB-40CA-8A2D-B86B3FEC1F66}.Release|x86.ActiveCfg = Release|Any CPU
		{40155344-EFC0-4DF0-BAA4-D947AE64DCC6}.Debug|Any CPU.ActiveCfg = Debug|Any CPU
		{40155344-EFC0-4DF0-BAA4-D947AE64DCC6}.Debug|Any CPU.Build.0 = Debug|Any CPU
		{40155344-EFC0-4DF0-BAA4-D947AE64DCC6}.Debug|x86.ActiveCfg = Debug|Any CPU
		{40155344-EFC0-4DF0-BAA4-D947AE64DCC6}.Default|Any CPU.ActiveCfg = Debug|Any CPU
		{40155344-EFC0-4DF0-BAA4-D947AE64DCC6}.Default|Any CPU.Build.0 = Debug|Any CPU
		{40155344-EFC0-4DF0-BAA4-D947AE64DCC6}.Default|x86.ActiveCfg = Debug|Any CPU
		{40155344-EFC0-4DF0-BAA4-D947AE64DCC6}.Release|Any CPU.ActiveCfg = Release|Any CPU
		{40155344-EFC0-4DF0-BAA4-D947AE64DCC6}.Release|Any CPU.Build.0 = Release|Any CPU
		{40155344-EFC0-4DF0-BAA4-D947AE64DCC6}.Release|x86.ActiveCfg = Release|Any CPU
		{754AD16B-0E76-48C7-B3AE-8CE3BEC22450}.Debug|Any CPU.ActiveCfg = Debug|Any CPU
		{754AD16B-0E76-48C7-B3AE-8CE3BEC22450}.Debug|Any CPU.Build.0 = Debug|Any CPU
		{754AD16B-0E76-48C7-B3AE-8CE3BEC22450}.Debug|x86.ActiveCfg = Debug|Any CPU
		{754AD16B-0E76-48C7-B3AE-8CE3BEC22450}.Default|Any CPU.ActiveCfg = Debug|Any CPU
		{754AD16B-0E76-48C7-B3AE-8CE3BEC22450}.Default|Any CPU.Build.0 = Debug|Any CPU
		{754AD16B-0E76-48C7-B3AE-8CE3BEC22450}.Default|x86.ActiveCfg = Debug|Any CPU
		{754AD16B-0E76-48C7-B3AE-8CE3BEC22450}.Release|Any CPU.ActiveCfg = Release|Any CPU
		{754AD16B-0E76-48C7-B3AE-8CE3BEC22450}.Release|Any CPU.Build.0 = Release|Any CPU
		{754AD16B-0E76-48C7-B3AE-8CE3BEC22450}.Release|x86.ActiveCfg = Release|Any CPU
		{4735C90F-DA00-40C7-8753-5F7437D774F6}.Debug|Any CPU.ActiveCfg = Debug|Any CPU
		{4735C90F-DA00-40C7-8753-5F7437D774F6}.Debug|Any CPU.Build.0 = Debug|Any CPU
		{4735C90F-DA00-40C7-8753-5F7437D774F6}.Debug|x86.ActiveCfg = Debug|Any CPU
		{4735C90F-DA00-40C7-8753-5F7437D774F6}.Default|Any CPU.ActiveCfg = Debug|Any CPU
		{4735C90F-DA00-40C7-8753-5F7437D774F6}.Default|Any CPU.Build.0 = Debug|Any CPU
		{4735C90F-DA00-40C7-8753-5F7437D774F6}.Default|x86.ActiveCfg = Debug|Any CPU
		{4735C90F-DA00-40C7-8753-5F7437D774F6}.Release|Any CPU.ActiveCfg = Release|Any CPU
		{4735C90F-DA00-40C7-8753-5F7437D774F6}.Release|Any CPU.Build.0 = Release|Any CPU
		{4735C90F-DA00-40C7-8753-5F7437D774F6}.Release|x86.ActiveCfg = Release|Any CPU
		{D2BA895A-8154-4E4B-B9B3-09808CE92B4C}.Debug|Any CPU.ActiveCfg = Debug|Any CPU
		{D2BA895A-8154-4E4B-B9B3-09808CE92B4C}.Debug|Any CPU.Build.0 = Debug|Any CPU
		{D2BA895A-8154-4E4B-B9B3-09808CE92B4C}.Debug|x86.ActiveCfg = Debug|Any CPU
		{D2BA895A-8154-4E4B-B9B3-09808CE92B4C}.Default|Any CPU.ActiveCfg = Debug|Any CPU
		{D2BA895A-8154-4E4B-B9B3-09808CE92B4C}.Default|Any CPU.Build.0 = Debug|Any CPU
		{D2BA895A-8154-4E4B-B9B3-09808CE92B4C}.Default|x86.ActiveCfg = Debug|Any CPU
		{D2BA895A-8154-4E4B-B9B3-09808CE92B4C}.Release|Any CPU.ActiveCfg = Release|Any CPU
		{D2BA895A-8154-4E4B-B9B3-09808CE92B4C}.Release|Any CPU.Build.0 = Release|Any CPU
		{D2BA895A-8154-4E4B-B9B3-09808CE92B4C}.Release|x86.ActiveCfg = Release|Any CPU
		{1332A207-7019-4E56-A86A-43DCBA1C2555}.Debug|Any CPU.ActiveCfg = Debug|Any CPU
		{1332A207-7019-4E56-A86A-43DCBA1C2555}.Debug|Any CPU.Build.0 = Debug|Any CPU
		{1332A207-7019-4E56-A86A-43DCBA1C2555}.Debug|x86.ActiveCfg = Debug|Any CPU
		{1332A207-7019-4E56-A86A-43DCBA1C2555}.Default|Any CPU.ActiveCfg = Debug|Any CPU
		{1332A207-7019-4E56-A86A-43DCBA1C2555}.Default|Any CPU.Build.0 = Debug|Any CPU
		{1332A207-7019-4E56-A86A-43DCBA1C2555}.Default|x86.ActiveCfg = Debug|Any CPU
		{1332A207-7019-4E56-A86A-43DCBA1C2555}.Release|Any CPU.ActiveCfg = Release|Any CPU
		{1332A207-7019-4E56-A86A-43DCBA1C2555}.Release|Any CPU.Build.0 = Release|Any CPU
		{1332A207-7019-4E56-A86A-43DCBA1C2555}.Release|x86.ActiveCfg = Release|Any CPU
		{995A9784-295B-4696-A7BC-FD02AEC2FBFC}.Debug|Any CPU.ActiveCfg = Debug|Any CPU
		{995A9784-295B-4696-A7BC-FD02AEC2FBFC}.Debug|Any CPU.Build.0 = Debug|Any CPU
		{995A9784-295B-4696-A7BC-FD02AEC2FBFC}.Debug|x86.ActiveCfg = Debug|Any CPU
		{995A9784-295B-4696-A7BC-FD02AEC2FBFC}.Default|Any CPU.ActiveCfg = Debug|Any CPU
		{995A9784-295B-4696-A7BC-FD02AEC2FBFC}.Default|Any CPU.Build.0 = Debug|Any CPU
		{995A9784-295B-4696-A7BC-FD02AEC2FBFC}.Default|x86.ActiveCfg = Debug|Any CPU
		{995A9784-295B-4696-A7BC-FD02AEC2FBFC}.Release|Any CPU.ActiveCfg = Release|Any CPU
		{995A9784-295B-4696-A7BC-FD02AEC2FBFC}.Release|Any CPU.Build.0 = Release|Any CPU
		{995A9784-295B-4696-A7BC-FD02AEC2FBFC}.Release|x86.ActiveCfg = Release|Any CPU
		{0B28B5D9-ABCA-47D5-A3A3-47F61FF5834F}.Debug|Any CPU.ActiveCfg = Debug|Any CPU
		{0B28B5D9-ABCA-47D5-A3A3-47F61FF5834F}.Debug|Any CPU.Build.0 = Debug|Any CPU
		{0B28B5D9-ABCA-47D5-A3A3-47F61FF5834F}.Debug|x86.ActiveCfg = Debug|Any CPU
		{0B28B5D9-ABCA-47D5-A3A3-47F61FF5834F}.Default|Any CPU.ActiveCfg = Debug|Any CPU
		{0B28B5D9-ABCA-47D5-A3A3-47F61FF5834F}.Default|Any CPU.Build.0 = Debug|Any CPU
		{0B28B5D9-ABCA-47D5-A3A3-47F61FF5834F}.Default|x86.ActiveCfg = Debug|Any CPU
		{0B28B5D9-ABCA-47D5-A3A3-47F61FF5834F}.Release|Any CPU.ActiveCfg = Release|Any CPU
		{0B28B5D9-ABCA-47D5-A3A3-47F61FF5834F}.Release|Any CPU.Build.0 = Release|Any CPU
		{0B28B5D9-ABCA-47D5-A3A3-47F61FF5834F}.Release|x86.ActiveCfg = Release|Any CPU
	EndGlobalSection
	GlobalSection(SolutionProperties) = preSolution
		HideSolutionNode = FALSE
	EndGlobalSection
EndGlobal
