
Microsoft Visual Studio Solution File, Format Version 11.00
# Visual Studio 2010
Project("{FAE04EC0-301F-11D3-BF4B-00C04F79EFBC}") = "注册表操作之历史浏览记录", "注册表操作之历史浏览记录\注册表操作之历史浏览记录.csproj", "{7DC802CC-9F80-43D1-B075-3A55B8967992}"
EndProject
Global
	GlobalSection(SubversionScc) = preSolution
		Svn-Managed = True
		Manager = AnkhSVN - Subversion Support for Visual Studio
	EndGlobalSection
	GlobalSection(SolutionConfigurationPlatforms) = preSolution
		Debug|Any CPU = Debug|Any CPU
		Release|Any CPU = Release|Any CPU
	EndGlobalSection
	GlobalSection(ProjectConfigurationPlatforms) = postSolution
		{7DC802CC-9F80-43D1-B075-3A55B8967992}.Debug|Any CPU.ActiveCfg = Debug|Any CPU
		{7DC802CC-9F80-43D1-B075-3A55B8967992}.Debug|Any CPU.Build.0 = Debug|Any CPU
		{7DC802CC-9F80-43D1-B075-3A55B8967992}.Release|Any CPU.ActiveCfg = Release|Any CPU
		{7DC802CC-9F80-43D1-B075-3A55B8967992}.Release|Any CPU.Build.0 = Release|Any CPU
	EndGlobalSection
	GlobalSection(SolutionProperties) = preSolution
		HideSolutionNode = FALSE
	EndGlobalSection
EndGlobal
