
Microsoft Visual Studio Solution File, Format Version 12.00
# Visual Studio 2012
Project("{FAE04EC0-301F-11D3-BF4B-00C04F79EFBC}") = "验证码识别", "验证码识别\验证码识别.csproj", "{3744BA24-6BC6-4D63-9F1D-718FE367F7EF}"
EndProject
Global
	GlobalSection(SolutionConfigurationPlatforms) = preSolution
		Debug|Any CPU = Debug|Any CPU
		Release|Any CPU = Release|Any CPU
	EndGlobalSection
	GlobalSection(ProjectConfigurationPlatforms) = postSolution
		{3744BA24-6BC6-4D63-9F1D-718FE367F7EF}.Debug|Any CPU.ActiveCfg = Debug|Any CPU
		{3744BA24-6BC6-4D63-9F1D-718FE367F7EF}.Debug|Any CPU.Build.0 = Debug|Any CPU
		{3744BA24-6BC6-4D63-9F1D-718FE367F7EF}.Release|Any CPU.ActiveCfg = Release|Any CPU
		{3744BA24-6BC6-4D63-9F1D-718FE367F7EF}.Release|Any CPU.Build.0 = Release|Any CPU
	EndGlobalSection
	GlobalSection(SolutionProperties) = preSolution
		HideSolutionNode = FALSE
	EndGlobalSection
EndGlobal
